
Microsoft Visual Studio Solution File, Format Version 12.00
Project("{FAE04EC0-301F-11D3-BF4B-00C04F79EFBC}") = "RandomNumbersAverage", "RandomNumbersAverage.csproj", "{EF3196AA-104D-49CC-BFFE-CFF2CFC80819}"
EndProject
Global
	GlobalSection(SolutionConfigurationPlatforms) = preSolution
		Debug|Any CPU = Debug|Any CPU
		Release|Any CPU = Release|Any CPU
	EndGlobalSection
	GlobalSection(ProjectConfigurationPlatforms) = postSolution
		{EF3196AA-104D-49CC-BFFE-CFF2CFC80819}.Debug|Any CPU.ActiveCfg = Debug|Any CPU
		{EF3196AA-104D-49CC-BFFE-CFF2CFC80819}.Debug|Any CPU.Build.0 = Debug|Any CPU
		{EF3196AA-104D-49CC-BFFE-CFF2CFC80819}.Release|Any CPU.ActiveCfg = Release|Any CPU
		{EF3196AA-104D-49CC-BFFE-CFF2CFC80819}.Release|Any CPU.Build.0 = Release|Any CPU
	EndGlobalSection
EndGlobal
